// !$*UTF8*$!
{
	archiveVersion = 1;
	classes = {
	};
	objectVersion = 55;
	objects = {

/* Begin PBXBuildFile section */
		E25E76B727DE6AAC00D8190F /* StatisticModel.swift in Sources */ = {isa = PBXBuildFile; fileRef = E25E76B627DE6AAC00D8190F /* StatisticModel.swift */; };
		E25E76B927DE6D3500D8190F /* StatisticView.swift in Sources */ = {isa = PBXBuildFile; fileRef = E25E76B827DE6D3500D8190F /* StatisticView.swift */; };
		E25E76BB27DE780F00D8190F /* HomeStatsView.swift in Sources */ = {isa = PBXBuildFile; fileRef = E25E76BA27DE780F00D8190F /* HomeStatsView.swift */; };
		E25E76BD27DE894900D8190F /* MarketDataModel.swift in Sources */ = {isa = PBXBuildFile; fileRef = E25E76BC27DE894900D8190F /* MarketDataModel.swift */; };
		E25E76BF27DEA7A900D8190F /* MarketDataService.swift in Sources */ = {isa = PBXBuildFile; fileRef = E25E76BE27DEA7A900D8190F /* MarketDataService.swift */; };
		E25E76C127DF0B3900D8190F /* PortfolioView.swift in Sources */ = {isa = PBXBuildFile; fileRef = E25E76C027DF0B3900D8190F /* PortfolioView.swift */; };
		E25E76C327DF75BE00D8190F /* XMarkButton.swift in Sources */ = {isa = PBXBuildFile; fileRef = E25E76C227DF75BE00D8190F /* XMarkButton.swift */; };
		E25E76C527DF7EAD00D8190F /* CoinLogoView.swift in Sources */ = {isa = PBXBuildFile; fileRef = E25E76C427DF7EAD00D8190F /* CoinLogoView.swift */; };
		E27C990327DFCE2A005585C9 /* PortfolioContainer.xcdatamodeld in Sources */ = {isa = PBXBuildFile; fileRef = E27C990127DFCE2A005585C9 /* PortfolioContainer.xcdatamodeld */; };
		E27C990527DFD231005585C9 /* PortfolioDataService.swift in Sources */ = {isa = PBXBuildFile; fileRef = E27C990427DFD231005585C9 /* PortfolioDataService.swift */; };
		E27C990727E0C6BF005585C9 /* HapticManager.swift in Sources */ = {isa = PBXBuildFile; fileRef = E27C990627E0C6BF005585C9 /* HapticManager.swift */; };
		E27C990C27E27F83005585C9 /* DetailView.swift in Sources */ = {isa = PBXBuildFile; fileRef = E27C990B27E27F83005585C9 /* DetailView.swift */; };
		E27C990E27E2A93B005585C9 /* CoinDetailModel.swift in Sources */ = {isa = PBXBuildFile; fileRef = E27C990D27E2A93B005585C9 /* CoinDetailModel.swift */; };
		E27C991027E324AD005585C9 /* DetailViewModel.swift in Sources */ = {isa = PBXBuildFile; fileRef = E27C990F27E324AD005585C9 /* DetailViewModel.swift */; };
		E27C991227E3251E005585C9 /* CoinDetailDataService.swift in Sources */ = {isa = PBXBuildFile; fileRef = E27C991127E3251E005585C9 /* CoinDetailDataService.swift */; };
		E2DC7AD627E43427000377AD /* ChartView.swift in Sources */ = {isa = PBXBuildFile; fileRef = E2DC7AD527E43427000377AD /* ChartView.swift */; };
		E2DC7AD827E44952000377AD /* Date.swift in Sources */ = {isa = PBXBuildFile; fileRef = E2DC7AD727E44952000377AD /* Date.swift */; };
		E2DC7ADA27E46D75000377AD /* String.swift in Sources */ = {isa = PBXBuildFile; fileRef = E2DC7AD927E46D75000377AD /* String.swift */; };
		E2DC7ADE27E497DD000377AD /* SettingsView.swift in Sources */ = {isa = PBXBuildFile; fileRef = E2DC7ADD27E497DD000377AD /* SettingsView.swift */; };
		E2DC7AE427E58CFE000377AD /* LaunchScreen.storyboard in Resources */ = {isa = PBXBuildFile; fileRef = E2DC7AE327E58CFE000377AD /* LaunchScreen.storyboard */; };
		E2DC7AE627E592B4000377AD /* LaunchView.swift in Sources */ = {isa = PBXBuildFile; fileRef = E2DC7AE527E592B4000377AD /* LaunchView.swift */; };
		E2EBC58427DB2C2F001F9C8F /* CryptoMonchiApp.swift in Sources */ = {isa = PBXBuildFile; fileRef = E2EBC58327DB2C2F001F9C8F /* CryptoMonchiApp.swift */; };
		E2EBC58627DB2C2F001F9C8F /* ContentView.swift in Sources */ = {isa = PBXBuildFile; fileRef = E2EBC58527DB2C2F001F9C8F /* ContentView.swift */; };
		E2EBC58B27DB2C30001F9C8F /* Preview Assets.xcassets in Resources */ = {isa = PBXBuildFile; fileRef = E2EBC58A27DB2C30001F9C8F /* Preview Assets.xcassets */; };
		E2EBC59227DB3FC3001F9C8F /* Assets.xcassets in Resources */ = {isa = PBXBuildFile; fileRef = E2EBC59127DB3FC3001F9C8F /* Assets.xcassets */; };
		E2EBC59527DB42C1001F9C8F /* Color.swift in Sources */ = {isa = PBXBuildFile; fileRef = E2EBC59427DB42C1001F9C8F /* Color.swift */; };
		E2EBC59B27DB58CA001F9C8F /* HomeView.swift in Sources */ = {isa = PBXBuildFile; fileRef = E2EBC59A27DB58CA001F9C8F /* HomeView.swift */; };
		E2EBC59F27DB5C21001F9C8F /* CircleButtonView.swift in Sources */ = {isa = PBXBuildFile; fileRef = E2EBC59E27DB5C21001F9C8F /* CircleButtonView.swift */; };
		E2EBC5A127DBAC66001F9C8F /* CircleButtonAnimationView.swift in Sources */ = {isa = PBXBuildFile; fileRef = E2EBC5A027DBAC66001F9C8F /* CircleButtonAnimationView.swift */; };
		E2EBC5A427DBCB43001F9C8F /* CoinModel.swift in Sources */ = {isa = PBXBuildFile; fileRef = E2EBC5A327DBCB43001F9C8F /* CoinModel.swift */; };
		E2EBC5A827DCAFFD001F9C8F /* PreviewProvider.swift in Sources */ = {isa = PBXBuildFile; fileRef = E2EBC5A727DCAFFD001F9C8F /* PreviewProvider.swift */; };
		E2EBC5AA27DCCD6B001F9C8F /* CoinRowView.swift in Sources */ = {isa = PBXBuildFile; fileRef = E2EBC5A927DCCD6B001F9C8F /* CoinRowView.swift */; };
		E2EBC5AC27DCEB09001F9C8F /* Double.swift in Sources */ = {isa = PBXBuildFile; fileRef = E2EBC5AB27DCEB09001F9C8F /* Double.swift */; };
		E2EBC5AE27DD24CC001F9C8F /* HomeViewModel.swift in Sources */ = {isa = PBXBuildFile; fileRef = E2EBC5AD27DD24CC001F9C8F /* HomeViewModel.swift */; };
		E2EBC5B127DD3680001F9C8F /* CoinDataService.swift in Sources */ = {isa = PBXBuildFile; fileRef = E2EBC5B027DD3680001F9C8F /* CoinDataService.swift */; };
		E2EBC5B427DD42E2001F9C8F /* NetworkingManager.swift in Sources */ = {isa = PBXBuildFile; fileRef = E2EBC5B327DD42E2001F9C8F /* NetworkingManager.swift */; };
		E2EBC5B727DD5580001F9C8F /* CoinImageView.swift in Sources */ = {isa = PBXBuildFile; fileRef = E2EBC5B627DD5580001F9C8F /* CoinImageView.swift */; };
		E2EBC5B927DD5961001F9C8F /* CoinImageService.swift in Sources */ = {isa = PBXBuildFile; fileRef = E2EBC5B827DD5960001F9C8F /* CoinImageService.swift */; };
		E2EBC5BB27DDD3C4001F9C8F /* CoinImageViewModel.swift in Sources */ = {isa = PBXBuildFile; fileRef = E2EBC5BA27DDD3C4001F9C8F /* CoinImageViewModel.swift */; };
		E2EBC5BD27DE05F7001F9C8F /* LocalFileManager.swift in Sources */ = {isa = PBXBuildFile; fileRef = E2EBC5BC27DE05F7001F9C8F /* LocalFileManager.swift */; };
		E2EBC5BF27DE14DC001F9C8F /* SearchBarView.swift in Sources */ = {isa = PBXBuildFile; fileRef = E2EBC5BE27DE14DC001F9C8F /* SearchBarView.swift */; };
		E2EBC5C127DE2471001F9C8F /* UiApplication.swift in Sources */ = {isa = PBXBuildFile; fileRef = E2EBC5C027DE2471001F9C8F /* UiApplication.swift */; };
/* End PBXBuildFile section */

/* Begin PBXFileReference section */
		E25E76B627DE6AAC00D8190F /* StatisticModel.swift */ = {isa = PBXFileReference; lastKnownFileType = sourcecode.swift; path = StatisticModel.swift; sourceTree = "<group>"; };
		E25E76B827DE6D3500D8190F /* StatisticView.swift */ = {isa = PBXFileReference; lastKnownFileType = sourcecode.swift; path = StatisticView.swift; sourceTree = "<group>"; };
		E25E76BA27DE780F00D8190F /* HomeStatsView.swift */ = {isa = PBXFileReference; lastKnownFileType = sourcecode.swift; path = HomeStatsView.swift; sourceTree = "<group>"; };
		E25E76BC27DE894900D8190F /* MarketDataModel.swift */ = {isa = PBXFileReference; lastKnownFileType = sourcecode.swift; path = MarketDataModel.swift; sourceTree = "<group>"; };
		E25E76BE27DEA7A900D8190F /* MarketDataService.swift */ = {isa = PBXFileReference; lastKnownFileType = sourcecode.swift; path = MarketDataService.swift; sourceTree = "<group>"; };
		E25E76C027DF0B3900D8190F /* PortfolioView.swift */ = {isa = PBXFileReference; lastKnownFileType = sourcecode.swift; path = PortfolioView.swift; sourceTree = "<group>"; };
		E25E76C227DF75BE00D8190F /* XMarkButton.swift */ = {isa = PBXFileReference; lastKnownFileType = sourcecode.swift; path = XMarkButton.swift; sourceTree = "<group>"; };
		E25E76C427DF7EAD00D8190F /* CoinLogoView.swift */ = {isa = PBXFileReference; lastKnownFileType = sourcecode.swift; path = CoinLogoView.swift; sourceTree = "<group>"; };
		E27C990227DFCE2A005585C9 /* PortfolioContainer.xcdatamodel */ = {isa = PBXFileReference; lastKnownFileType = wrapper.xcdatamodel; path = PortfolioContainer.xcdatamodel; sourceTree = "<group>"; };
		E27C990427DFD231005585C9 /* PortfolioDataService.swift */ = {isa = PBXFileReference; lastKnownFileType = sourcecode.swift; path = PortfolioDataService.swift; sourceTree = "<group>"; };
		E27C990627E0C6BF005585C9 /* HapticManager.swift */ = {isa = PBXFileReference; lastKnownFileType = sourcecode.swift; path = HapticManager.swift; sourceTree = "<group>"; };
		E27C990B27E27F83005585C9 /* DetailView.swift */ = {isa = PBXFileReference; lastKnownFileType = sourcecode.swift; path = DetailView.swift; sourceTree = "<group>"; };
		E27C990D27E2A93B005585C9 /* CoinDetailModel.swift */ = {isa = PBXFileReference; lastKnownFileType = sourcecode.swift; path = CoinDetailModel.swift; sourceTree = "<group>"; };
		E27C990F27E324AD005585C9 /* DetailViewModel.swift */ = {isa = PBXFileReference; lastKnownFileType = sourcecode.swift; path = DetailViewModel.swift; sourceTree = "<group>"; };
		E27C991127E3251E005585C9 /* CoinDetailDataService.swift */ = {isa = PBXFileReference; lastKnownFileType = sourcecode.swift; path = CoinDetailDataService.swift; sourceTree = "<group>"; };
		E2DC7AD527E43427000377AD /* ChartView.swift */ = {isa = PBXFileReference; lastKnownFileType = sourcecode.swift; path = ChartView.swift; sourceTree = "<group>"; };
		E2DC7AD727E44952000377AD /* Date.swift */ = {isa = PBXFileReference; lastKnownFileType = sourcecode.swift; path = Date.swift; sourceTree = "<group>"; };
		E2DC7AD927E46D75000377AD /* String.swift */ = {isa = PBXFileReference; lastKnownFileType = sourcecode.swift; path = String.swift; sourceTree = "<group>"; };
		E2DC7ADD27E497DD000377AD /* SettingsView.swift */ = {isa = PBXFileReference; lastKnownFileType = sourcecode.swift; path = SettingsView.swift; sourceTree = "<group>"; };
		E2DC7AE327E58CFE000377AD /* LaunchScreen.storyboard */ = {isa = PBXFileReference; lastKnownFileType = file.storyboard; path = LaunchScreen.storyboard; sourceTree = "<group>"; };
		E2DC7AE527E592B4000377AD /* LaunchView.swift */ = {isa = PBXFileReference; lastKnownFileType = sourcecode.swift; path = LaunchView.swift; sourceTree = "<group>"; };
		E2EBC58027DB2C2F001F9C8F /* CryptoMonchi.app */ = {isa = PBXFileReference; explicitFileType = wrapper.application; includeInIndex = 0; path = CryptoMonchi.app; sourceTree = BUILT_PRODUCTS_DIR; };
		E2EBC58327DB2C2F001F9C8F /* CryptoMonchiApp.swift */ = {isa = PBXFileReference; lastKnownFileType = sourcecode.swift; path = CryptoMonchiApp.swift; sourceTree = "<group>"; };
		E2EBC58527DB2C2F001F9C8F /* ContentView.swift */ = {isa = PBXFileReference; lastKnownFileType = sourcecode.swift; path = ContentView.swift; sourceTree = "<group>"; };
		E2EBC58A27DB2C30001F9C8F /* Preview Assets.xcassets */ = {isa = PBXFileReference; lastKnownFileType = folder.assetcatalog; path = "Preview Assets.xcassets"; sourceTree = "<group>"; };
		E2EBC59127DB3FC3001F9C8F /* Assets.xcassets */ = {isa = PBXFileReference; lastKnownFileType = folder.assetcatalog; path = Assets.xcassets; sourceTree = "<group>"; };
		E2EBC59427DB42C1001F9C8F /* Color.swift */ = {isa = PBXFileReference; lastKnownFileType = sourcecode.swift; path = Color.swift; sourceTree = "<group>"; };
		E2EBC59A27DB58CA001F9C8F /* HomeView.swift */ = {isa = PBXFileReference; lastKnownFileType = sourcecode.swift; path = HomeView.swift; sourceTree = "<group>"; };
		E2EBC59E27DB5C21001F9C8F /* CircleButtonView.swift */ = {isa = PBXFileReference; lastKnownFileType = sourcecode.swift; path = CircleButtonView.swift; sourceTree = "<group>"; };
		E2EBC5A027DBAC66001F9C8F /* CircleButtonAnimationView.swift */ = {isa = PBXFileReference; lastKnownFileType = sourcecode.swift; path = CircleButtonAnimationView.swift; sourceTree = "<group>"; };
		E2EBC5A327DBCB43001F9C8F /* CoinModel.swift */ = {isa = PBXFileReference; lastKnownFileType = sourcecode.swift; path = CoinModel.swift; sourceTree = "<group>"; };
		E2EBC5A727DCAFFD001F9C8F /* PreviewProvider.swift */ = {isa = PBXFileReference; lastKnownFileType = sourcecode.swift; path = PreviewProvider.swift; sourceTree = "<group>"; };
		E2EBC5A927DCCD6B001F9C8F /* CoinRowView.swift */ = {isa = PBXFileReference; lastKnownFileType = sourcecode.swift; path = CoinRowView.swift; sourceTree = "<group>"; };
		E2EBC5AB27DCEB09001F9C8F /* Double.swift */ = {isa = PBXFileReference; lastKnownFileType = sourcecode.swift; path = Double.swift; sourceTree = "<group>"; };
		E2EBC5AD27DD24CC001F9C8F /* HomeViewModel.swift */ = {isa = PBXFileReference; lastKnownFileType = sourcecode.swift; path = HomeViewModel.swift; sourceTree = "<group>"; };
		E2EBC5B027DD3680001F9C8F /* CoinDataService.swift */ = {isa = PBXFileReference; lastKnownFileType = sourcecode.swift; path = CoinDataService.swift; sourceTree = "<group>"; };
		E2EBC5B327DD42E2001F9C8F /* NetworkingManager.swift */ = {isa = PBXFileReference; lastKnownFileType = sourcecode.swift; path = NetworkingManager.swift; sourceTree = "<group>"; };
		E2EBC5B627DD5580001F9C8F /* CoinImageView.swift */ = {isa = PBXFileReference; lastKnownFileType = sourcecode.swift; path = CoinImageView.swift; sourceTree = "<group>"; };
		E2EBC5B827DD5960001F9C8F /* CoinImageService.swift */ = {isa = PBXFileReference; lastKnownFileType = sourcecode.swift; path = CoinImageService.swift; sourceTree = "<group>"; };
		E2EBC5BA27DDD3C4001F9C8F /* CoinImageViewModel.swift */ = {isa = PBXFileReference; lastKnownFileType = sourcecode.swift; path = CoinImageViewModel.swift; sourceTree = "<group>"; };
		E2EBC5BC27DE05F7001F9C8F /* LocalFileManager.swift */ = {isa = PBXFileReference; lastKnownFileType = sourcecode.swift; path = LocalFileManager.swift; sourceTree = "<group>"; };
		E2EBC5BE27DE14DC001F9C8F /* SearchBarView.swift */ = {isa = PBXFileReference; lastKnownFileType = sourcecode.swift; path = SearchBarView.swift; sourceTree = "<group>"; };
		E2EBC5C027DE2471001F9C8F /* UiApplication.swift */ = {isa = PBXFileReference; lastKnownFileType = sourcecode.swift; path = UiApplication.swift; sourceTree = "<group>"; };
/* End PBXFileReference section */

/* Begin PBXFrameworksBuildPhase section */
		E2EBC57D27DB2C2F001F9C8F /* Frameworks */ = {
			isa = PBXFrameworksBuildPhase;
			buildActionMask = 2147483647;
			files = (
			);
			runOnlyForDeploymentPostprocessing = 0;
		};
/* End PBXFrameworksBuildPhase section */

/* Begin PBXGroup section */
		E27C990827E27EFC005585C9 /* Detail */ = {
			isa = PBXGroup;
			children = (
				E27C990927E27F2C005585C9 /* ViewModels */,
				E27C990A27E27F34005585C9 /* Views */,
			);
			path = Detail;
			sourceTree = "<group>";
		};
		E27C990927E27F2C005585C9 /* ViewModels */ = {
			isa = PBXGroup;
			children = (
				E27C990F27E324AD005585C9 /* DetailViewModel.swift */,
			);
			path = ViewModels;
			sourceTree = "<group>";
		};
		E27C990A27E27F34005585C9 /* Views */ = {
			isa = PBXGroup;
			children = (
				E27C990B27E27F83005585C9 /* DetailView.swift */,
				E2DC7AD527E43427000377AD /* ChartView.swift */,
			);
			path = Views;
			sourceTree = "<group>";
		};
		E2DC7ADB27E49736000377AD /* Settings */ = {
			isa = PBXGroup;
			children = (
				E2DC7ADC27E4975B000377AD /* Views */,
			);
			path = Settings;
			sourceTree = "<group>";
		};
		E2DC7ADC27E4975B000377AD /* Views */ = {
			isa = PBXGroup;
			children = (
				E2DC7ADD27E497DD000377AD /* SettingsView.swift */,
			);
			path = Views;
			sourceTree = "<group>";
		};
		E2DC7AE127E58CBE000377AD /* Launch */ = {
			isa = PBXGroup;
			children = (
				E2DC7AE227E58CDF000377AD /* Views */,
			);
			path = Launch;
			sourceTree = "<group>";
		};
		E2DC7AE227E58CDF000377AD /* Views */ = {
			isa = PBXGroup;
			children = (
				E2DC7AE327E58CFE000377AD /* LaunchScreen.storyboard */,
				E2DC7AE527E592B4000377AD /* LaunchView.swift */,
			);
			path = Views;
			sourceTree = "<group>";
		};
		E2EBC57727DB2C2F001F9C8F = {
			isa = PBXGroup;
			children = (
				E2EBC58227DB2C2F001F9C8F /* CryptoMonchi */,
				E2EBC58127DB2C2F001F9C8F /* Products */,
			);
			sourceTree = "<group>";
		};
		E2EBC58127DB2C2F001F9C8F /* Products */ = {
			isa = PBXGroup;
			children = (
				E2EBC58027DB2C2F001F9C8F /* CryptoMonchi.app */,
			);
			name = Products;
			sourceTree = "<group>";
		};
		E2EBC58227DB2C2F001F9C8F /* CryptoMonchi */ = {
			isa = PBXGroup;
			children = (
				E2EBC58327DB2C2F001F9C8F /* CryptoMonchiApp.swift */,
				E2EBC5B227DD42AF001F9C8F /* Utilities */,
				E2EBC59327DB4237001F9C8F /* Extensions */,
				E2EBC5AF27DD3634001F9C8F /* Services */,
				E2EBC5A227DBCAF2001F9C8F /* Models */,
				E2EBC59627DB5809001F9C8F /* Core */,
				E2EBC58527DB2C2F001F9C8F /* ContentView.swift */,
				E2EBC59127DB3FC3001F9C8F /* Assets.xcassets */,
				E2EBC58927DB2C30001F9C8F /* Preview Content */,
			);
			path = CryptoMonchi;
			sourceTree = "<group>";
		};
		E2EBC58927DB2C30001F9C8F /* Preview Content */ = {
			isa = PBXGroup;
			children = (
				E2EBC58A27DB2C30001F9C8F /* Preview Assets.xcassets */,
			);
			path = "Preview Content";
			sourceTree = "<group>";
		};
		E2EBC59327DB4237001F9C8F /* Extensions */ = {
			isa = PBXGroup;
			children = (
				E2EBC59427DB42C1001F9C8F /* Color.swift */,
				E2EBC5A727DCAFFD001F9C8F /* PreviewProvider.swift */,
				E2EBC5AB27DCEB09001F9C8F /* Double.swift */,
				E2EBC5C027DE2471001F9C8F /* UiApplication.swift */,
				E2DC7AD727E44952000377AD /* Date.swift */,
				E2DC7AD927E46D75000377AD /* String.swift */,
			);
			path = Extensions;
			sourceTree = "<group>";
		};
		E2EBC59627DB5809001F9C8F /* Core */ = {
			isa = PBXGroup;
			children = (
				E2DC7AE127E58CBE000377AD /* Launch */,
				E2EBC59C27DB5BC7001F9C8F /* Components */,
				E2EBC59727DB583B001F9C8F /* Home */,
				E2DC7ADB27E49736000377AD /* Settings */,
				E27C990827E27EFC005585C9 /* Detail */,
			);
			path = Core;
			sourceTree = "<group>";
		};
		E2EBC59727DB583B001F9C8F /* Home */ = {
			isa = PBXGroup;
			children = (
				E2EBC59927DB5852001F9C8F /* ViewModels */,
				E2EBC59827DB584B001F9C8F /* Views */,
			);
			path = Home;
			sourceTree = "<group>";
		};
		E2EBC59827DB584B001F9C8F /* Views */ = {
			isa = PBXGroup;
			children = (
				E2EBC59A27DB58CA001F9C8F /* HomeView.swift */,
				E2EBC5A927DCCD6B001F9C8F /* CoinRowView.swift */,
				E25E76BA27DE780F00D8190F /* HomeStatsView.swift */,
				E25E76C027DF0B3900D8190F /* PortfolioView.swift */,
			);
			path = Views;
			sourceTree = "<group>";
		};
		E2EBC59927DB5852001F9C8F /* ViewModels */ = {
			isa = PBXGroup;
			children = (
				E2EBC5AD27DD24CC001F9C8F /* HomeViewModel.swift */,
			);
			path = ViewModels;
			sourceTree = "<group>";
		};
		E2EBC59C27DB5BC7001F9C8F /* Components */ = {
			isa = PBXGroup;
			children = (
				E2EBC5B527DD5551001F9C8F /* CoinImage */,
				E2EBC59D27DB5BFF001F9C8F /* CircleButton */,
				E2EBC5BE27DE14DC001F9C8F /* SearchBarView.swift */,
				E25E76B827DE6D3500D8190F /* StatisticView.swift */,
				E25E76C227DF75BE00D8190F /* XMarkButton.swift */,
			);
			path = Components;
			sourceTree = "<group>";
		};
		E2EBC59D27DB5BFF001F9C8F /* CircleButton */ = {
			isa = PBXGroup;
			children = (
				E2EBC59E27DB5C21001F9C8F /* CircleButtonView.swift */,
				E2EBC5A027DBAC66001F9C8F /* CircleButtonAnimationView.swift */,
			);
			path = CircleButton;
			sourceTree = "<group>";
		};
		E2EBC5A227DBCAF2001F9C8F /* Models */ = {
			isa = PBXGroup;
			children = (
				E2EBC5A327DBCB43001F9C8F /* CoinModel.swift */,
				E27C990D27E2A93B005585C9 /* CoinDetailModel.swift */,
				E25E76B627DE6AAC00D8190F /* StatisticModel.swift */,
				E25E76BC27DE894900D8190F /* MarketDataModel.swift */,
				E27C990127DFCE2A005585C9 /* PortfolioContainer.xcdatamodeld */,
			);
			path = Models;
			sourceTree = "<group>";
		};
		E2EBC5AF27DD3634001F9C8F /* Services */ = {
			isa = PBXGroup;
			children = (
				E2EBC5B027DD3680001F9C8F /* CoinDataService.swift */,
				E27C991127E3251E005585C9 /* CoinDetailDataService.swift */,
				E2EBC5B827DD5960001F9C8F /* CoinImageService.swift */,
				E25E76BE27DEA7A900D8190F /* MarketDataService.swift */,
				E27C990427DFD231005585C9 /* PortfolioDataService.swift */,
			);
			path = Services;
			sourceTree = "<group>";
		};
		E2EBC5B227DD42AF001F9C8F /* Utilities */ = {
			isa = PBXGroup;
			children = (
				E2EBC5B327DD42E2001F9C8F /* NetworkingManager.swift */,
				E2EBC5BC27DE05F7001F9C8F /* LocalFileManager.swift */,
				E27C990627E0C6BF005585C9 /* HapticManager.swift */,
			);
			path = Utilities;
			sourceTree = "<group>";
		};
		E2EBC5B527DD5551001F9C8F /* CoinImage */ = {
			isa = PBXGroup;
			children = (
				E2EBC5B627DD5580001F9C8F /* CoinImageView.swift */,
				E2EBC5BA27DDD3C4001F9C8F /* CoinImageViewModel.swift */,
				E25E76C427DF7EAD00D8190F /* CoinLogoView.swift */,
			);
			path = CoinImage;
			sourceTree = "<group>";
		};
/* End PBXGroup section */

/* Begin PBXNativeTarget section */
		E2EBC57F27DB2C2F001F9C8F /* CryptoMonchi */ = {
			isa = PBXNativeTarget;
			buildConfigurationList = E2EBC58E27DB2C30001F9C8F /* Build configuration list for PBXNativeTarget "CryptoMonchi" */;
			buildPhases = (
				E2EBC57C27DB2C2F001F9C8F /* Sources */,
				E2EBC57D27DB2C2F001F9C8F /* Frameworks */,
				E2EBC57E27DB2C2F001F9C8F /* Resources */,
			);
			buildRules = (
			);
			dependencies = (
			);
			name = CryptoMonchi;
			productName = CryptoMonchi;
			productReference = E2EBC58027DB2C2F001F9C8F /* CryptoMonchi.app */;
			productType = "com.apple.product-type.application";
		};
/* End PBXNativeTarget section */

/* Begin PBXProject section */
		E2EBC57827DB2C2F001F9C8F /* Project object */ = {
			isa = PBXProject;
			attributes = {
				BuildIndependentTargetsInParallel = 1;
				LastSwiftUpdateCheck = 1320;
				LastUpgradeCheck = 1320;
				TargetAttributes = {
					E2EBC57F27DB2C2F001F9C8F = {
						CreatedOnToolsVersion = 13.2.1;
					};
				};
			};
			buildConfigurationList = E2EBC57B27DB2C2F001F9C8F /* Build configuration list for PBXProject "CryptoMonchi" */;
			compatibilityVersion = "Xcode 13.0";
			developmentRegion = en;
			hasScannedForEncodings = 0;
			knownRegions = (
				en,
				Base,
			);
			mainGroup = E2EBC57727DB2C2F001F9C8F;
			productRefGroup = E2EBC58127DB2C2F001F9C8F /* Products */;
			projectDirPath = "";
			projectRoot = "";
			targets = (
				E2EBC57F27DB2C2F001F9C8F /* CryptoMonchi */,
			);
		};
/* End PBXProject section */

/* Begin PBXResourcesBuildPhase section */
		E2EBC57E27DB2C2F001F9C8F /* Resources */ = {
			isa = PBXResourcesBuildPhase;
			buildActionMask = 2147483647;
			files = (
				E2DC7AE427E58CFE000377AD /* LaunchScreen.storyboard in Resources */,
				E2EBC59227DB3FC3001F9C8F /* Assets.xcassets in Resources */,
				E2EBC58B27DB2C30001F9C8F /* Preview Assets.xcassets in Resources */,
			);
			runOnlyForDeploymentPostprocessing = 0;
		};
/* End PBXResourcesBuildPhase section */

/* Begin PBXSourcesBuildPhase section */
		E2EBC57C27DB2C2F001F9C8F /* Sources */ = {
			isa = PBXSourcesBuildPhase;
			buildActionMask = 2147483647;
			files = (
				E27C990327DFCE2A005585C9 /* PortfolioContainer.xcdatamodeld in Sources */,
				E25E76B727DE6AAC00D8190F /* StatisticModel.swift in Sources */,
				E2EBC5B127DD3680001F9C8F /* CoinDataService.swift in Sources */,
				E2DC7AD627E43427000377AD /* ChartView.swift in Sources */,
				E2EBC5AA27DCCD6B001F9C8F /* CoinRowView.swift in Sources */,
				E25E76C327DF75BE00D8190F /* XMarkButton.swift in Sources */,
				E2EBC5B927DD5961001F9C8F /* CoinImageService.swift in Sources */,
				E2DC7AD827E44952000377AD /* Date.swift in Sources */,
				E2EBC5AE27DD24CC001F9C8F /* HomeViewModel.swift in Sources */,
				E2EBC5BD27DE05F7001F9C8F /* LocalFileManager.swift in Sources */,
				E25E76BD27DE894900D8190F /* MarketDataModel.swift in Sources */,
				E2EBC58627DB2C2F001F9C8F /* ContentView.swift in Sources */,
				E25E76B927DE6D3500D8190F /* StatisticView.swift in Sources */,
				E2EBC59B27DB58CA001F9C8F /* HomeView.swift in Sources */,
				E2EBC5B727DD5580001F9C8F /* CoinImageView.swift in Sources */,
				E2EBC58427DB2C2F001F9C8F /* CryptoMonchiApp.swift in Sources */,
				E2DC7AE627E592B4000377AD /* LaunchView.swift in Sources */,
				E2EBC5C127DE2471001F9C8F /* UiApplication.swift in Sources */,
				E2EBC59F27DB5C21001F9C8F /* CircleButtonView.swift in Sources */,
				E27C990C27E27F83005585C9 /* DetailView.swift in Sources */,
				E27C990727E0C6BF005585C9 /* HapticManager.swift in Sources */,
				E2EBC5BF27DE14DC001F9C8F /* SearchBarView.swift in Sources */,
				E2EBC59527DB42C1001F9C8F /* Color.swift in Sources */,
				E25E76C527DF7EAD00D8190F /* CoinLogoView.swift in Sources */,
				E25E76BB27DE780F00D8190F /* HomeStatsView.swift in Sources */,
				E25E76BF27DEA7A900D8190F /* MarketDataService.swift in Sources */,
				E2EBC5B427DD42E2001F9C8F /* NetworkingManager.swift in Sources */,
				E2EBC5BB27DDD3C4001F9C8F /* CoinImageViewModel.swift in Sources */,
				E2DC7ADA27E46D75000377AD /* String.swift in Sources */,
				E2EBC5A127DBAC66001F9C8F /* CircleButtonAnimationView.swift in Sources */,
				E25E76C127DF0B3900D8190F /* PortfolioView.swift in Sources */,
				E2EBC5A827DCAFFD001F9C8F /* PreviewProvider.swift in Sources */,
				E2EBC5AC27DCEB09001F9C8F /* Double.swift in Sources */,
				E27C990E27E2A93B005585C9 /* CoinDetailModel.swift in Sources */,
				E2EBC5A427DBCB43001F9C8F /* CoinModel.swift in Sources */,
				E27C991227E3251E005585C9 /* CoinDetailDataService.swift in Sources */,
				E27C991027E324AD005585C9 /* DetailViewModel.swift in Sources */,
				E27C990527DFD231005585C9 /* PortfolioDataService.swift in Sources */,
				E2DC7ADE27E497DD000377AD /* SettingsView.swift in Sources */,
			);
			runOnlyForDeploymentPostprocessing = 0;
		};
/* End PBXSourcesBuildPhase section */

/* Begin XCBuildConfiguration section */
		E2EBC58C27DB2C30001F9C8F /* Debug */ = {
			isa = XCBuildConfiguration;
			buildSettings = {
				ALWAYS_SEARCH_USER_PATHS = NO;
				CLANG_ANALYZER_NONNULL = YES;
				CLANG_ANALYZER_NUMBER_OBJECT_CONVERSION = YES_AGGRESSIVE;
				CLANG_CXX_LANGUAGE_STANDARD = "gnu++17";
				CLANG_CXX_LIBRARY = "libc++";
				CLANG_ENABLE_MODULES = YES;
				CLANG_ENABLE_OBJC_ARC = YES;
				CLANG_ENABLE_OBJC_WEAK = YES;
				CLANG_WARN_BLOCK_CAPTURE_AUTORELEASING = YES;
				CLANG_WARN_BOOL_CONVERSION = YES;
				CLANG_WARN_COMMA = YES;
				CLANG_WARN_CONSTANT_CONVERSION = YES;
				CLANG_WARN_DEPRECATED_OBJC_IMPLEMENTATIONS = YES;
				CLANG_WARN_DIRECT_OBJC_ISA_USAGE = YES_ERROR;
				CLANG_WARN_DOCUMENTATION_COMMENTS = YES;
				CLANG_WARN_EMPTY_BODY = YES;
				CLANG_WARN_ENUM_CONVERSION = YES;
				CLANG_WARN_INFINITE_RECURSION = YES;
				CLANG_WARN_INT_CONVERSION = YES;
				CLANG_WARN_NON_LITERAL_NULL_CONVERSION = YES;
				CLANG_WARN_OBJC_IMPLICIT_RETAIN_SELF = YES;
				CLANG_WARN_OBJC_LITERAL_CONVERSION = YES;
				CLANG_WARN_OBJC_ROOT_CLASS = YES_ERROR;
				CLANG_WARN_QUOTED_INCLUDE_IN_FRAMEWORK_HEADER = YES;
				CLANG_WARN_RANGE_LOOP_ANALYSIS = YES;
				CLANG_WARN_STRICT_PROTOTYPES = YES;
				CLANG_WARN_SUSPICIOUS_MOVE = YES;
				CLANG_WARN_UNGUARDED_AVAILABILITY = YES_AGGRESSIVE;
				CLANG_WARN_UNREACHABLE_CODE = YES;
				CLANG_WARN__DUPLICATE_METHOD_MATCH = YES;
				COPY_PHASE_STRIP = NO;
				DEBUG_INFORMATION_FORMAT = dwarf;
				ENABLE_STRICT_OBJC_MSGSEND = YES;
				ENABLE_TESTABILITY = YES;
				GCC_C_LANGUAGE_STANDARD = gnu11;
				GCC_DYNAMIC_NO_PIC = NO;
				GCC_NO_COMMON_BLOCKS = YES;
				GCC_OPTIMIZATION_LEVEL = 0;
				GCC_PREPROCESSOR_DEFINITIONS = (
					"DEBUG=1",
					"$(inherited)",
				);
				GCC_WARN_64_TO_32_BIT_CONVERSION = YES;
				GCC_WARN_ABOUT_RETURN_TYPE = YES_ERROR;
				GCC_WARN_UNDECLARED_SELECTOR = YES;
				GCC_WARN_UNINITIALIZED_AUTOS = YES_AGGRESSIVE;
				GCC_WARN_UNUSED_FUNCTION = YES;
				GCC_WARN_UNUSED_VARIABLE = YES;
				IPHONEOS_DEPLOYMENT_TARGET = 15.2;
				MTL_ENABLE_DEBUG_INFO = INCLUDE_SOURCE;
				MTL_FAST_MATH = YES;
				ONLY_ACTIVE_ARCH = YES;
				SDKROOT = iphoneos;
				SWIFT_ACTIVE_COMPILATION_CONDITIONS = DEBUG;
				SWIFT_OPTIMIZATION_LEVEL = "-Onone";
			};
			name = Debug;
		};
		E2EBC58D27DB2C30001F9C8F /* Release */ = {
			isa = XCBuildConfiguration;
			buildSettings = {
				ALWAYS_SEARCH_USER_PATHS = NO;
				CLANG_ANALYZER_NONNULL = YES;
				CLANG_ANALYZER_NUMBER_OBJECT_CONVERSION = YES_AGGRESSIVE;
				CLANG_CXX_LANGUAGE_STANDARD = "gnu++17";
				CLANG_CXX_LIBRARY = "libc++";
				CLANG_ENABLE_MODULES = YES;
				CLANG_ENABLE_OBJC_ARC = YES;
				CLANG_ENABLE_OBJC_WEAK = YES;
				CLANG_WARN_BLOCK_CAPTURE_AUTORELEASING = YES;
				CLANG_WARN_BOOL_CONVERSION = YES;
				CLANG_WARN_COMMA = YES;
				CLANG_WARN_CONSTANT_CONVERSION = YES;
				CLANG_WARN_DEPRECATED_OBJC_IMPLEMENTATIONS = YES;
				CLANG_WARN_DIRECT_OBJC_ISA_USAGE = YES_ERROR;
				CLANG_WARN_DOCUMENTATION_COMMENTS = YES;
				CLANG_WARN_EMPTY_BODY = YES;
				CLANG_WARN_ENUM_CONVERSION = YES;
				CLANG_WARN_INFINITE_RECURSION = YES;
				CLANG_WARN_INT_CONVERSION = YES;
				CLANG_WARN_NON_LITERAL_NULL_CONVERSION = YES;
				CLANG_WARN_OBJC_IMPLICIT_RETAIN_SELF = YES;
				CLANG_WARN_OBJC_LITERAL_CONVERSION = YES;
				CLANG_WARN_OBJC_ROOT_CLASS = YES_ERROR;
				CLANG_WARN_QUOTED_INCLUDE_IN_FRAMEWORK_HEADER = YES;
				CLANG_WARN_RANGE_LOOP_ANALYSIS = YES;
				CLANG_WARN_STRICT_PROTOTYPES = YES;
				CLANG_WARN_SUSPICIOUS_MOVE = YES;
				CLANG_WARN_UNGUARDED_AVAILABILITY = YES_AGGRESSIVE;
				CLANG_WARN_UNREACHABLE_CODE = YES;
				CLANG_WARN__DUPLICATE_METHOD_MATCH = YES;
				COPY_PHASE_STRIP = NO;
				DEBUG_INFORMATION_FORMAT = "dwarf-with-dsym";
				ENABLE_NS_ASSERTIONS = NO;
				ENABLE_STRICT_OBJC_MSGSEND = YES;
				GCC_C_LANGUAGE_STANDARD = gnu11;
				GCC_NO_COMMON_BLOCKS = YES;
				GCC_WARN_64_TO_32_BIT_CONVERSION = YES;
				GCC_WARN_ABOUT_RETURN_TYPE = YES_ERROR;
				GCC_WARN_UNDECLARED_SELECTOR = YES;
				GCC_WARN_UNINITIALIZED_AUTOS = YES_AGGRESSIVE;
				GCC_WARN_UNUSED_FUNCTION = YES;
				GCC_WARN_UNUSED_VARIABLE = YES;
				IPHONEOS_DEPLOYMENT_TARGET = 15.2;
				MTL_ENABLE_DEBUG_INFO = NO;
				MTL_FAST_MATH = YES;
				SDKROOT = iphoneos;
				SWIFT_COMPILATION_MODE = wholemodule;
				SWIFT_OPTIMIZATION_LEVEL = "-O";
				VALIDATE_PRODUCT = YES;
			};
			name = Release;
		};
		E2EBC58F27DB2C30001F9C8F /* Debug */ = {
			isa = XCBuildConfiguration;
			buildSettings = {
				ASSETCATALOG_COMPILER_APPICON_NAME = AppIcon;
				ASSETCATALOG_COMPILER_GLOBAL_ACCENT_COLOR_NAME = AccentColor;
				ASSETCATALOG_COMPILER_INCLUDE_ALL_APPICON_ASSETS = YES;
				CODE_SIGN_STYLE = Automatic;
				CURRENT_PROJECT_VERSION = 1;
				DEVELOPMENT_ASSET_PATHS = "\"CryptoMonchi/Preview Content\"";
				DEVELOPMENT_TEAM = K9R8CFUV4T;
				ENABLE_PREVIEWS = YES;
				GENERATE_INFOPLIST_FILE = YES;
				INFOPLIST_KEY_UIApplicationSceneManifest_Generation = YES;
				INFOPLIST_KEY_UIApplicationSupportsIndirectInputEvents = YES;
				INFOPLIST_KEY_UILaunchStoryboardName = LaunchScreen;
				INFOPLIST_KEY_UISupportedInterfaceOrientations = UIInterfaceOrientationPortrait;
				INFOPLIST_KEY_UISupportedInterfaceOrientations_iPad = "UIInterfaceOrientationPortrait UIInterfaceOrientationPortraitUpsideDown UIInterfaceOrientationLandscapeLeft UIInterfaceOrientationLandscapeRight";
				INFOPLIST_KEY_UISupportedInterfaceOrientations_iPhone = "UIInterfaceOrientationPortrait UIInterfaceOrientationLandscapeLeft UIInterfaceOrientationLandscapeRight";
				LD_RUNPATH_SEARCH_PATHS = (
					"$(inherited)",
					"@executable_path/Frameworks",
				);
				MARKETING_VERSION = 1.0;
				PRODUCT_BUNDLE_IDENTIFIER = TRKizaki.CryptoMonchi;
				PRODUCT_NAME = "$(TARGET_NAME)";
				SWIFT_EMIT_LOC_STRINGS = YES;
				SWIFT_VERSION = 5.0;
				TARGETED_DEVICE_FAMILY = "1,2";
			};
			name = Debug;
		};
		E2EBC59027DB2C30001F9C8F /* Release */ = {
			isa = XCBuildConfiguration;
			buildSettings = {
				ASSETCATALOG_COMPILER_APPICON_NAME = AppIcon;
				ASSETCATALOG_COMPILER_GLOBAL_ACCENT_COLOR_NAME = AccentColor;
				ASSETCATALOG_COMPILER_INCLUDE_ALL_APPICON_ASSETS = YES;
				CODE_SIGN_STYLE = Automatic;
				CURRENT_PROJECT_VERSION = 1;
				DEVELOPMENT_ASSET_PATHS = "\"CryptoMonchi/Preview Content\"";
				DEVELOPMENT_TEAM = K9R8CFUV4T;
				ENABLE_PREVIEWS = YES;
				GENERATE_INFOPLIST_FILE = YES;
				INFOPLIST_KEY_UIApplicationSceneManifest_Generation = YES;
				INFOPLIST_KEY_UIApplicationSupportsIndirectInputEvents = YES;
				INFOPLIST_KEY_UILaunchStoryboardName = LaunchScreen;
				INFOPLIST_KEY_UISupportedInterfaceOrientations = UIInterfaceOrientationPortrait;
				INFOPLIST_KEY_UISupportedInterfaceOrientations_iPad = "UIInterfaceOrientationPortrait UIInterfaceOrientationPortraitUpsideDown UIInterfaceOrientationLandscapeLeft UIInterfaceOrientationLandscapeRight";
				INFOPLIST_KEY_UISupportedInterfaceOrientations_iPhone = "UIInterfaceOrientationPortrait UIInterfaceOrientationLandscapeLeft UIInterfaceOrientationLandscapeRight";
				LD_RUNPATH_SEARCH_PATHS = (
					"$(inherited)",
					"@executable_path/Frameworks",
				);
				MARKETING_VERSION = 1.0;
				PRODUCT_BUNDLE_IDENTIFIER = TRKizaki.CryptoMonchi;
				PRODUCT_NAME = "$(TARGET_NAME)";
				SWIFT_EMIT_LOC_STRINGS = YES;
				SWIFT_VERSION = 5.0;
				TARGETED_DEVICE_FAMILY = "1,2";
			};
			name = Release;
		};
/* End XCBuildConfiguration section */

/* Begin XCConfigurationList section */
		E2EBC57B27DB2C2F001F9C8F /* Build configuration list for PBXProject "CryptoMonchi" */ = {
			isa = XCConfigurationList;
			buildConfigurations = (
				E2EBC58C27DB2C30001F9C8F /* Debug */,
				E2EBC58D27DB2C30001F9C8F /* Release */,
			);
			defaultConfigurationIsVisible = 0;
			defaultConfigurationName = Release;
		};
		E2EBC58E27DB2C30001F9C8F /* Build configuration list for PBXNativeTarget "CryptoMonchi" */ = {
			isa = XCConfigurationList;
			buildConfigurations = (
				E2EBC58F27DB2C30001F9C8F /* Debug */,
				E2EBC59027DB2C30001F9C8F /* Release */,
			);
			defaultConfigurationIsVisible = 0;
			defaultConfigurationName = Release;
		};
/* End XCConfigurationList section */

/* Begin XCVersionGroup section */
		E27C990127DFCE2A005585C9 /* PortfolioContainer.xcdatamodeld */ = {
			isa = XCVersionGroup;
			children = (
				E27C990227DFCE2A005585C9 /* PortfolioContainer.xcdatamodel */,
			);
			currentVersion = E27C990227DFCE2A005585C9 /* PortfolioContainer.xcdatamodel */;
			path = PortfolioContainer.xcdatamodeld;
			sourceTree = "<group>";
			versionGroupType = wrapper.xcdatamodel;
		};
/* End XCVersionGroup section */
	};
	rootObject = E2EBC57827DB2C2F001F9C8F /* Project object */;
}
